
Microsoft Visual Studio Solution File, Format Version 12.00
# Visual Studio 14
VisualStudioVersion = 14.0.23107.0
MinimumVisualStudioVersion = 10.0.40219.1
Project("{FAE04EC0-301F-11D3-BF4B-00C04F79EFBC}") = "Module04_01", "Module04_01\Module04_01.csproj", "{1FE56F57-754D-4C0F-8C0F-BC633F5E7357}"
EndProject
Global
	GlobalSection(SolutionConfigurationPlatforms) = preSolution
		Debug|Any CPU = Debug|Any CPU
		Release|Any CPU = Release|Any CPU
	EndGlobalSection
	GlobalSection(ProjectConfigurationPlatforms) = postSolution
		{1FE56F57-754D-4C0F-8C0F-BC633F5E7357}.Debug|Any CPU.ActiveCfg = Debug|Any CPU
		{1FE56F57-754D-4C0F-8C0F-BC633F5E7357}.Debug|Any CPU.Build.0 = Debug|Any CPU
		{1FE56F57-754D-4C0F-8C0F-BC633F5E7357}.Release|Any CPU.ActiveCfg = Release|Any CPU
		{1FE56F57-754D-4C0F-8C0F-BC633F5E7357}.Release|Any CPU.Build.0 = Release|Any CPU
	EndGlobalSection
	GlobalSection(SolutionProperties) = preSolution
		HideSolutionNode = FALSE
	EndGlobalSection
EndGlobal
